
Microsoft Visual Studio Solution File, Format Version 12.00
# Visual Studio Version 17
VisualStudioVersion = 17.13.35931.197
MinimumVisualStudioVersion = 10.0.40219.1
Project("{FAE04EC0-301F-11D3-BF4B-00C04F79EFBC}") = "PersonalFinanceManager.Domain", "PersonalFinanceManager.Domain\PersonalFinanceManager.Domain.csproj", "{7B403E42-2EDE-485D-810D-B3C59197ACC8}"
EndProject
Project("{FAE04EC0-301F-11D3-BF4B-00C04F79EFBC}") = "PersonalFinanceManager.Infrastructure", "PersonalFinanceManager.Infrastructure\PersonalFinanceManager.Infrastructure.csproj", "{4EA63AB3-DE5D-4118-B5BC-B08683978361}"
EndProject
Project("{FAE04EC0-301F-11D3-BF4B-00C04F79EFBC}") = "PersonalFinanceManager.Application", "PersonalFinanceManager.Application\PersonalFinanceManager.Application.csproj", "{7C0D43FE-A90F-47B7-B195-F71DB489DD6C}"
EndProject
Project("{FAE04EC0-301F-11D3-BF4B-00C04F79EFBC}") = "PFM.Test", "PFM.Test\PFM.Test.csproj", "{EC052B15-6750-45EC-A078-8335735BCC9A}"
EndProject
Project("{FAE04EC0-301F-11D3-BF4B-00C04F79EFBC}") = "PersonalFinanceManager.UI", "PersonalFinanceManager.UI\PersonalFinanceManager.UI.csproj", "{BA7F5365-0119-4FA0-A1F2-2D60F453EC16}"
EndProject
Global
	GlobalSection(SolutionConfigurationPlatforms) = preSolution
		Debug|Any CPU = Debug|Any CPU
		Release|Any CPU = Release|Any CPU
	EndGlobalSection
	GlobalSection(ProjectConfigurationPlatforms) = postSolution
		{7B403E42-2EDE-485D-810D-B3C59197ACC8}.Debug|Any CPU.ActiveCfg = Debug|Any CPU
		{7B403E42-2EDE-485D-810D-B3C59197ACC8}.Debug|Any CPU.Build.0 = Debug|Any CPU
		{7B403E42-2EDE-485D-810D-B3C59197ACC8}.Release|Any CPU.ActiveCfg = Release|Any CPU
		{7B403E42-2EDE-485D-810D-B3C59197ACC8}.Release|Any CPU.Build.0 = Release|Any CPU
		{4EA63AB3-DE5D-4118-B5BC-B08683978361}.Debug|Any CPU.ActiveCfg = Debug|Any CPU
		{4EA63AB3-DE5D-4118-B5BC-B08683978361}.Debug|Any CPU.Build.0 = Debug|Any CPU
		{4EA63AB3-DE5D-4118-B5BC-B08683978361}.Release|Any CPU.ActiveCfg = Release|Any CPU
		{4EA63AB3-DE5D-4118-B5BC-B08683978361}.Release|Any CPU.Build.0 = Release|Any CPU
		{7C0D43FE-A90F-47B7-B195-F71DB489DD6C}.Debug|Any CPU.ActiveCfg = Debug|Any CPU
		{7C0D43FE-A90F-47B7-B195-F71DB489DD6C}.Debug|Any CPU.Build.0 = Debug|Any CPU
		{7C0D43FE-A90F-47B7-B195-F71DB489DD6C}.Release|Any CPU.ActiveCfg = Release|Any CPU
		{7C0D43FE-A90F-47B7-B195-F71DB489DD6C}.Release|Any CPU.Build.0 = Release|Any CPU
		{EC052B15-6750-45EC-A078-8335735BCC9A}.Debug|Any CPU.ActiveCfg = Debug|Any CPU
		{EC052B15-6750-45EC-A078-8335735BCC9A}.Debug|Any CPU.Build.0 = Debug|Any CPU
		{EC052B15-6750-45EC-A078-8335735BCC9A}.Release|Any CPU.ActiveCfg = Release|Any CPU
		{EC052B15-6750-45EC-A078-8335735BCC9A}.Release|Any CPU.Build.0 = Release|Any CPU
		{BA7F5365-0119-4FA0-A1F2-2D60F453EC16}.Debug|Any CPU.ActiveCfg = Debug|Any CPU
		{BA7F5365-0119-4FA0-A1F2-2D60F453EC16}.Debug|Any CPU.Build.0 = Debug|Any CPU
		{BA7F5365-0119-4FA0-A1F2-2D60F453EC16}.Release|Any CPU.ActiveCfg = Release|Any CPU
		{BA7F5365-0119-4FA0-A1F2-2D60F453EC16}.Release|Any CPU.Build.0 = Release|Any CPU
	EndGlobalSection
	GlobalSection(SolutionProperties) = preSolution
		HideSolutionNode = FALSE
	EndGlobalSection
	GlobalSection(ExtensibilityGlobals) = postSolution
		SolutionGuid = {F881A71E-2AE6-4E6C-9C44-7AE31A3FCF2E}
	EndGlobalSection
EndGlobal
